{
  "name": "bootstrap-show-notification",
  "version": "1.2.1",
  "lockfileVersion": 2,
  "requires": true,
  "packages": {
    "": {
      "name": "bootstrap-show-notification",
      "version": "1.2.1",
      "license": "MIT",
      "dependencies": {
        "teevi": "^2.1.10"
      },
      "devDependencies": {}
    },
    "node_modules/teevi": {
      "version": "2.1.10",
      "resolved": "https://registry.npmjs.org/teevi/-/teevi-2.1.10.tgz",
      "integrity": "sha512-hjWaUkdyi0gjhEll3qaqIDtQHm/qNKW4WFoNOAXSkHOFxBbZwqL1QBCxZMZR4IcxGB0Kf/BTw5JXOxOcEb4Djg=="
    }
  },
  "dependencies": {
    "teevi": {
      "version": "2.1.10",
      "resolved": "https://registry.npmjs.org/teevi/-/teevi-2.1.10.tgz",
      "integrity": "sha512-hjWaUkdyi0gjhEll3qaqIDtQHm/qNKW4WFoNOAXSkHOFxBbZwqL1QBCxZMZR4IcxGB0Kf/BTw5JXOxOcEb4Djg=="
    }
  }
}
